# THIS IS AN AUTOGENERATED FILE. DO NOT EDIT THIS FILE DIRECTLY.
# yarn lockfile v1


accepts@1.0.1:
  version "1.0.1"
  resolved "https://registry.npmjs.org/accepts/-/accepts-1.0.1.tgz#c1e06d613e6246ba874678d6d9b92389b7ce310c"
  integrity sha1-weBtYT5iRrqHRnjW2bkjibfOMQw=
  dependencies:
    mime "~1.2.11"
    negotiator "~0.4.0"

acorn@6.0.1:
  version "6.0.1"
  resolved "https://registry.npmjs.org/acorn/-/acorn-6.0.1.tgz#66e6147e1027704479dc6d9b20d884c572db3cc1"
  integrity sha512-SiwgrRuRD2D1R6qjwwoopKcCTkmmIWjy1M15Wv+Nk/7VUsBad4P8GOPft2t6coDZG0TuR5dq9o1v0g8wo7F6+A==

buffer-crc32@0.2.1:
  version "0.2.1"
  resolved "https://registry.npmjs.org/buffer-crc32/-/buffer-crc32-0.2.1.tgz#be3e5382fc02b6d6324956ac1af98aa98b08534c"
  integrity sha1-vj5TgvwCttYySVasGvmKqYsIU0w=

cookie-signature@1.0.3:
  version "1.0.3"
  resolved "https://registry.npmjs.org/cookie-signature/-/cookie-signature-1.0.3.tgz#91cd997cc51fb641595738c69cda020328f50ff9"
  integrity sha1-kc2ZfMUftkFZVzjGnNoCAyj1D/k=

cookie@0.1.2:
  version "0.1.2"
  resolved "https://registry.npmjs.org/cookie/-/cookie-0.1.2.tgz#72fec3d24e48a3432073d90c12642005061004b1"
  integrity sha1-cv7D0k5Io0Mgc9kMEmQgBQYQBLE=

core-util-is@~1.0.0:
  version "1.0.2"
  resolved "https://registry.npmjs.org/core-util-is/-/core-util-is-1.0.2.tgz#b5fd54220aa2bc5ab57aab7140c940754503c1a7"
  integrity sha1-tf1UIgqivFq1eqtxQMlAdUUDwac=

debug@0.8.0:
  version "0.8.0"
  resolved "https://registry.npmjs.org/debug/-/debug-0.8.0.tgz#0541ea91f0e503fdf0c5eed418a32550234967f0"
  integrity sha1-BUHqkfDlA/3wxe7UGKMlUCNJZ/A=

debug@0.8.1:
  version "0.8.1"
  resolved "https://registry.npmjs.org/debug/-/debug-0.8.1.tgz#20ff4d26f5e422cb68a1bacbbb61039ad8c1c130"
  integrity sha1-IP9NJvXkIstoobrLu2EDmtjBwTA=

domelementtype@1:
  version "1.3.1"
  resolved "https://registry.npmjs.org/domelementtype/-/domelementtype-1.3.1.tgz#d048c44b37b0d10a7f2a3d5fee3f4333d790481f"
  integrity sha512-BSKB+TSpMpFI/HOxCNr1O8aMOTZ8hT3pM3GQ0w/mWRmkhEDSFJkkyzz4XQsBV44BChwGkrDfMyjVD0eA2aFV3w==

domhandler@2.1:
  version "2.1.0"
  resolved "https://registry.npmjs.org/domhandler/-/domhandler-2.1.0.tgz#d2646f5e57f6c3bab11cf6cb05d3c0acf7412594"
  integrity sha1-0mRvXlf2w7qxHPbLBdPArPdBJZQ=
  dependencies:
    domelementtype "1"

domutils@1.1:
  version "1.1.6"
  resolved "https://registry.npmjs.org/domutils/-/domutils-1.1.6.tgz#bddc3de099b9a2efacc51c623f28f416ecc57485"
  integrity sha1-vdw94Jm5ou+sxRxiPyj0FuzFdIU=
  dependencies:
    domelementtype "1"

escape-html@1.0.1:
  version "1.0.1"
  resolved "https://registry.npmjs.org/escape-html/-/escape-html-1.0.1.tgz#181a286ead397a39a92857cfb1d43052e356bff0"
  integrity sha1-GBoobq05ejmpKFfPsdQwUuNWv/A=

express@4.3.0:
  version "4.3.0"
  resolved "https://registry.npmjs.org/express/-/express-4.3.0.tgz#3a65f18e40be9ea124f11c435b88b07430ef6fea"
  integrity sha1-OmXxjkC+nqEk8RxDW4iwdDDvb+o=
  dependencies:
    accepts "1.0.1"
    buffer-crc32 "0.2.1"
    cookie "0.1.2"
    cookie-signature "1.0.3"
    debug "0.8.1"
    escape-html "1.0.1"
    fresh "0.2.2"
    merge-descriptors "0.0.2"
    methods "1.0.0"
    parseurl "1.0.1"
    path-to-regexp "0.1.2"
    proxy-addr "1.0.0"
    qs "0.6.6"
    range-parser "1.0.0"
    send "0.3.0"
    serve-static "1.1.0"
    type-is "1.2.0"
    utils-merge "1.0.0"

fresh@0.2.2:
  version "0.2.2"
  resolved "https://registry.npmjs.org/fresh/-/fresh-0.2.2.tgz#9731dcf5678c7faeb44fb903c4f72df55187fa77"
  integrity sha1-lzHc9WeMf660T7kDxPct9VGH+nc=

fresh@~0.2.1:
  version "0.2.4"
  resolved "https://registry.npmjs.org/fresh/-/fresh-0.2.4.tgz#3582499206c9723714190edd74b4604feb4a614c"
  integrity sha1-NYJJkgbJcjcUGQ7ddLRgT+tKYUw=

he@~0.4.1:
  version "0.4.1"
  resolved "https://registry.npmjs.org/he/-/he-0.4.1.tgz#c86667614d2dd71bc737a197c760fb2eec8a1921"
  integrity sha1-yGZnYU0t1xvHN6GXx2D7LuyKGSE=

htmlparser2@~3.3.0:
  version "3.3.0"
  resolved "https://registry.npmjs.org/htmlparser2/-/htmlparser2-3.3.0.tgz#cc70d05a59f6542e43f0e685c982e14c924a9efe"
  integrity sha1-zHDQWln2VC5D8OaFyYLhTJJKnv4=
  dependencies:
    domelementtype "1"
    domhandler "2.1"
    domutils "1.1"
    readable-stream "1.0"

inherits@~2.0.1:
  version "2.0.4"
  resolved "https://registry.npmjs.org/inherits/-/inherits-2.0.4.tgz#0fa2c64f932917c3433a0ded55363aae37416b7c"
  integrity sha512-k/vGaX4/Yla3WzyMCvTQOXYeIHvqOKtnqBduzTHpzpQZzAskKMhZ2K+EnBiSM9zGSoIFeMpXKxa4dYeZIQqewQ==

ipaddr.js@0.1.2:
  version "0.1.2"
  resolved "https://registry.npmjs.org/ipaddr.js/-/ipaddr.js-0.1.2.tgz#6a1fd3d854f5002965c34d7bbcd9b4a8d4b0467e"
  integrity sha1-ah/T2FT1ACllw017vNm0qNSwRn4=

isarray@0.0.1:
  version "0.0.1"
  resolved "https://registry.npmjs.org/isarray/-/isarray-0.0.1.tgz#8a18acfca9a8f4177e09abfc6038939b05d1eedf"
  integrity sha1-ihis/Kmo9Bd+Cav8YDiTmwXR7t8=

lodash@2.4.x:
  version "2.4.2"
  resolved "https://registry.npmjs.org/lodash/-/lodash-2.4.2.tgz#fadd834b9683073da179b3eae6d9c0d15053f73e"
  integrity sha1-+t2DS5aDBz2hebPq5tnA0VBT9z4=

merge-descriptors@0.0.2:
  version "0.0.2"
  resolved "https://registry.npmjs.org/merge-descriptors/-/merge-descriptors-0.0.2.tgz#c36a52a781437513c57275f39dd9d317514ac8c7"
  integrity sha1-w2pSp4FDdRPFcnXzndnTF1FKyMc=

methods@1.0.0:
  version "1.0.0"
  resolved "https://registry.npmjs.org/methods/-/methods-1.0.0.tgz#9a73d86375dfcef26ef61ca3e4b8a2e2538a80e3"
  integrity sha1-mnPYY3XfzvJu9hyj5Lii4lOKgOM=

mime@1.2.11, mime@~1.2.11:
  version "1.2.11"
  resolved "https://registry.npmjs.org/mime/-/mime-1.2.11.tgz#58203eed86e3a5ef17aed2b7d9ebd47f0a60dd10"
  integrity sha1-WCA+7Ybjpe8XrtK32evUfwpg3RA=

minimist@1.0.0:
  version "1.0.0"
  resolved "https://registry.npmjs.org/minimist/-/minimist-1.0.0.tgz#9429c4f83e0d22590a76aeb610006dcc3f89c70f"
  integrity sha1-lCnE+D4NIlkKdq62EABtzD+Jxw8=

negotiator@~0.4.0:
  version "0.4.9"
  resolved "https://registry.npmjs.org/negotiator/-/negotiator-0.4.9.tgz#92e46b6db53c7e421ed64a2bc94f08be7630df3f"
  integrity sha1-kuRrbbU8fkIe1koryU8IvnYw3z8=

parseurl@1.0.1:
  version "1.0.1"
  resolved "https://registry.npmjs.org/parseurl/-/parseurl-1.0.1.tgz#2e57dce6efdd37c3518701030944c22bf388b7b4"
  integrity sha1-Llfc5u/dN8NRhwEDCUTCK/OIt7Q=

path-to-regexp@0.1.2:
  version "0.1.2"
  resolved "https://registry.npmjs.org/path-to-regexp/-/path-to-regexp-0.1.2.tgz#9b2b151f9cc3018c9eea50ca95729e05781712b4"
  integrity sha1-mysVH5zDAYye6lDKlXKeBXgXErQ=

proxy-addr@1.0.0:
  version "1.0.0"
  resolved "https://registry.npmjs.org/proxy-addr/-/proxy-addr-1.0.0.tgz#478617ab0fba70e0c3dae9cf57469e36dd2febaf"
  integrity sha1-R4YXqw+6cODD2unPV0aeNt0v668=
  dependencies:
    ipaddr.js "0.1.2"

qs@0.6.6:
  version "0.6.6"
  resolved "https://registry.npmjs.org/qs/-/qs-0.6.6.tgz#6e015098ff51968b8a3c819001d5f2c89bc4b107"
  integrity sha1-bgFQmP9RlouKPIGQAdXyyJvEsQc=

range-parser@1.0.0:
  version "1.0.0"
  resolved "https://registry.npmjs.org/range-parser/-/range-parser-1.0.0.tgz#a4b264cfe0be5ce36abe3765ac9c2a248746dbc0"
  integrity sha1-pLJkz+C+XONqvjdlrJwqJIdG28A=

range-parser@~1.0.0:
  version "1.0.3"
  resolved "https://registry.npmjs.org/range-parser/-/range-parser-1.0.3.tgz#6872823535c692e2c2a0103826afd82c2e0ff175"
  integrity sha1-aHKCNTXGkuLCoBA4Jq/YLC4P8XU=

readable-stream@1.0:
  version "1.0.34"
  resolved "https://registry.npmjs.org/readable-stream/-/readable-stream-1.0.34.tgz#125820e34bc842d2f2aaafafe4c2916ee32c157c"
  integrity sha1-Elgg40vIQtLyqq+v5MKRbuMsFXw=
  dependencies:
    core-util-is "~1.0.0"
    inherits "~2.0.1"
    isarray "0.0.1"
    string_decoder "~0.10.x"

sanitize-html@1.4.1:
  version "1.4.1"
  resolved "https://registry.npmjs.org/sanitize-html/-/sanitize-html-1.4.1.tgz#abe4de303afddf90091438ac60a4aaf4718c5b46"
  integrity sha1-q+TeMDr935AJFDisYKSq9HGMW0Y=
  dependencies:
    he "~0.4.1"
    htmlparser2 "~3.3.0"
    lodash "2.4.x"

send@0.3.0:
  version "0.3.0"
  resolved "https://registry.npmjs.org/send/-/send-0.3.0.tgz#9718324634806fc75bc4f8f5e51f57d9d66606e7"
  integrity sha1-lxgyRjSAb8dbxPj15R9X2dZmBuc=
  dependencies:
    buffer-crc32 "0.2.1"
    debug "0.8.0"
    fresh "~0.2.1"
    mime "1.2.11"
    range-parser "~1.0.0"

serve-static@1.1.0:
  version "1.1.0"
  resolved "https://registry.npmjs.org/serve-static/-/serve-static-1.1.0.tgz#454dfa05bb3ddd4e701a8915b83a278aa91c5643"
  integrity sha1-RU36Bbs93U5wGokVuDoniqkcVkM=
  dependencies:
    parseurl "1.0.1"
    send "0.3.0"

string_decoder@~0.10.x:
  version "0.10.31"
  resolved "https://registry.npmjs.org/string_decoder/-/string_decoder-0.10.31.tgz#62e203bc41766c6c28c9fc84301dab1c5310fa94"
  integrity sha1-YuIDvEF2bGwoyfyEMB2rHFMQ+pQ=

type-is@1.2.0:
  version "1.2.0"
  resolved "https://registry.npmjs.org/type-is/-/type-is-1.2.0.tgz#a9aaa3f2014850d4813663f6c714cf6318195138"
  integrity sha1-qaqj8gFIUNSBNmP2xxTPYxgZUTg=
  dependencies:
    mime "1.2.11"

utils-merge@1.0.0:
  version "1.0.0"
  resolved "https://registry.npmjs.org/utils-merge/-/utils-merge-1.0.0.tgz#0294fb922bb9375153541c4f7096231f287c8af8"
  integrity sha1-ApT7kiu5N1FTVBxPcJYjHyh8ivg=
